
Microsoft Visual Studio Solution File, Format Version 12.00
# Visual Studio Version 17
VisualStudioVersion = 17.0.31903.59
MinimumVisualStudioVersion = 10.0.40219.1
Project("{2150E333-8FDC-42A3-9474-1A3956D46DE8}") = "src", "src", "{827E0CD3-B72D-47B6-A68D-7590B98EB39B}"
EndProject
Project("{FAE04EC0-301F-11D3-BF4B-00C04F79EFBC}") = "RadarTorres.App", "src\RadarTorres.App\RadarTorres.App.csproj", "{B1431BE2-C2DC-446F-ABEB-5DD7FBD7CA37}"
EndProject
Project("{FAE04EC0-301F-11D3-BF4B-00C04F79EFBC}") = "RadarTorres.Launcher", "src\RadarTorres.Launcher\RadarTorres.Launcher.csproj", "{2D565FC4-D2FA-4F01-94AF-11F652488A0F}"
EndProject
Project("{2150E333-8FDC-42A3-9474-1A3956D46DE8}") = "tests", "tests", "{0AB3BF05-4346-4AA6-1389-037BE0695223}"
EndProject
Project("{FAE04EC0-301F-11D3-BF4B-00C04F79EFBC}") = "RadarTorres.Tests", "tests\RadarTorres.Tests\RadarTorres.Tests.csproj", "{21E36D09-1938-4207-81AE-660272DE7895}"
EndProject
Global
	GlobalSection(SolutionConfigurationPlatforms) = preSolution
		Debug|Any CPU = Debug|Any CPU
		Debug|x64 = Debug|x64
		Debug|x86 = Debug|x86
		Release|Any CPU = Release|Any CPU
		Release|x64 = Release|x64
		Release|x86 = Release|x86
	EndGlobalSection
	GlobalSection(ProjectConfigurationPlatforms) = postSolution
		{B1431BE2-C2DC-446F-ABEB-5DD7FBD7CA37}.Debug|Any CPU.ActiveCfg = Debug|Any CPU
		{B1431BE2-C2DC-446F-ABEB-5DD7FBD7CA37}.Debug|Any CPU.Build.0 = Debug|Any CPU
		{B1431BE2-C2DC-446F-ABEB-5DD7FBD7CA37}.Debug|x64.ActiveCfg = Debug|Any CPU
		{B1431BE2-C2DC-446F-ABEB-5DD7FBD7CA37}.Debug|x64.Build.0 = Debug|Any CPU
		{B1431BE2-C2DC-446F-ABEB-5DD7FBD7CA37}.Debug|x86.ActiveCfg = Debug|Any CPU
		{B1431BE2-C2DC-446F-ABEB-5DD7FBD7CA37}.Debug|x86.Build.0 = Debug|Any CPU
		{B1431BE2-C2DC-446F-ABEB-5DD7FBD7CA37}.Release|Any CPU.ActiveCfg = Release|Any CPU
		{B1431BE2-C2DC-446F-ABEB-5DD7FBD7CA37}.Release|Any CPU.Build.0 = Release|Any CPU
		{B1431BE2-C2DC-446F-ABEB-5DD7FBD7CA37}.Release|x64.ActiveCfg = Release|Any CPU
		{B1431BE2-C2DC-446F-ABEB-5DD7FBD7CA37}.Release|x64.Build.0 = Release|Any CPU
		{B1431BE2-C2DC-446F-ABEB-5DD7FBD7CA37}.Release|x86.ActiveCfg = Release|Any CPU
		{B1431BE2-C2DC-446F-ABEB-5DD7FBD7CA37}.Release|x86.Build.0 = Release|Any CPU
		{2D565FC4-D2FA-4F01-94AF-11F652488A0F}.Debug|Any CPU.ActiveCfg = Debug|Any CPU
		{2D565FC4-D2FA-4F01-94AF-11F652488A0F}.Debug|Any CPU.Build.0 = Debug|Any CPU
		{2D565FC4-D2FA-4F01-94AF-11F652488A0F}.Debug|x64.ActiveCfg = Debug|Any CPU
		{2D565FC4-D2FA-4F01-94AF-11F652488A0F}.Debug|x64.Build.0 = Debug|Any CPU
		{2D565FC4-D2FA-4F01-94AF-11F652488A0F}.Debug|x86.ActiveCfg = Debug|Any CPU
		{2D565FC4-D2FA-4F01-94AF-11F652488A0F}.Debug|x86.Build.0 = Debug|Any CPU
		{2D565FC4-D2FA-4F01-94AF-11F652488A0F}.Release|Any CPU.ActiveCfg = Release|Any CPU
		{2D565FC4-D2FA-4F01-94AF-11F652488A0F}.Release|Any CPU.Build.0 = Release|Any CPU
		{2D565FC4-D2FA-4F01-94AF-11F652488A0F}.Release|x64.ActiveCfg = Release|Any CPU
		{2D565FC4-D2FA-4F01-94AF-11F652488A0F}.Release|x64.Build.0 = Release|Any CPU
		{2D565FC4-D2FA-4F01-94AF-11F652488A0F}.Release|x86.ActiveCfg = Release|Any CPU
		{2D565FC4-D2FA-4F01-94AF-11F652488A0F}.Release|x86.Build.0 = Release|Any CPU
		{21E36D09-1938-4207-81AE-660272DE7895}.Debug|Any CPU.ActiveCfg = Debug|Any CPU
		{21E36D09-1938-4207-81AE-660272DE7895}.Debug|Any CPU.Build.0 = Debug|Any CPU
		{21E36D09-1938-4207-81AE-660272DE7895}.Debug|x64.ActiveCfg = Debug|Any CPU
		{21E36D09-1938-4207-81AE-660272DE7895}.Debug|x64.Build.0 = Debug|Any CPU
		{21E36D09-1938-4207-81AE-660272DE7895}.Debug|x86.ActiveCfg = Debug|Any CPU
		{21E36D09-1938-4207-81AE-660272DE7895}.Debug|x86.Build.0 = Debug|Any CPU
		{21E36D09-1938-4207-81AE-660272DE7895}.Release|Any CPU.ActiveCfg = Release|Any CPU
		{21E36D09-1938-4207-81AE-660272DE7895}.Release|Any CPU.Build.0 = Release|Any CPU
		{21E36D09-1938-4207-81AE-660272DE7895}.Release|x64.ActiveCfg = Release|Any CPU
		{21E36D09-1938-4207-81AE-660272DE7895}.Release|x64.Build.0 = Release|Any CPU
		{21E36D09-1938-4207-81AE-660272DE7895}.Release|x86.ActiveCfg = Release|Any CPU
		{21E36D09-1938-4207-81AE-660272DE7895}.Release|x86.Build.0 = Release|Any CPU
	EndGlobalSection
	GlobalSection(SolutionProperties) = preSolution
		HideSolutionNode = FALSE
	EndGlobalSection
	GlobalSection(NestedProjects) = preSolution
		{B1431BE2-C2DC-446F-ABEB-5DD7FBD7CA37} = {827E0CD3-B72D-47B6-A68D-7590B98EB39B}
		{2D565FC4-D2FA-4F01-94AF-11F652488A0F} = {827E0CD3-B72D-47B6-A68D-7590B98EB39B}
		{21E36D09-1938-4207-81AE-660272DE7895} = {0AB3BF05-4346-4AA6-1389-037BE0695223}
	EndGlobalSection
EndGlobal
